# This file was autogenerated by Stack.
# You should not edit this file by hand.
# For more information, please see the documentation at:
#   https://docs.haskellstack.org/en/stable/lock_files

packages:
- completed:
    hackage: proto-lens-runtime-0.5.0.0@sha256:cb39cf13ce4f7dac5414f94a7afe0adc9b831312e6b60588a23bd816accc385f,3132
    pantry-tree:
      size: 168
      sha256: c45212c2b75d27b7a1e32bb34e1ffd7b3cca98e16f4d5a02016ff9b744a0df64
  original:
    hackage: proto-lens-runtime-0.5.0.0
- completed:
    hackage: proto-lens-setup-0.4.0.2@sha256:2bcc26cd79a318b1988ed89d62f759054fb58bc515700bc4f594bae4a3a64271,3185
    pantry-tree:
      size: 235
      sha256: 2665efe3a077ba832137de64d2c44493ae7db536b7a0aece2b1778d8a865a76d
  original:
    hackage: proto-lens-setup-0.4.0.2
- completed:
    hackage: lens-labels-0.3.0.1@sha256:228b70bc37d3531c7a80aaa56f7d69bf9f9f0d85637bd886966b01f7d03d3f6b,1196
    pantry-tree:
      size: 400
      sha256: d0898958b1d869aafe7796452bb04d0e6aef102457ca4c9dcc0fe329271e6091
  original:
    hackage: lens-labels-0.3.0.1
- completed:
    hackage: proto-lens-0.5.0.0@sha256:ec3ad0ab6bd55ac0cd95a2daacb7e826fa2ced6e96c67a57ae1d799b79019c6b,3260
    pantry-tree:
      size: 2205
      sha256: b80132a6e86ef3238c1bd4bd8dcc9e2beece2791f1a9f905ff254060deb6f582
  original:
    hackage: proto-lens-0.5.0.0
- completed:
    hackage: proto-lens-protoc-0.5.0.0@sha256:bbd744e0b066470f5c433fa3bd20a036326fc01edf290a4ff8d029d95dddb912,2064
    pantry-tree:
      size: 783
      sha256: 30942e172639508c45742e4b0cb6bf3493bee24b291b6cd4c1ad0785f1e9057c
  original:
    hackage: proto-lens-protoc-0.5.0.0
- completed:
    cabal-file:
      size: 1872
      sha256: b7f017686d9bfbcbb4914a89e10440d761f3aa771dfd9b85b4ebf3f14c0e1ebc
    name: avl-auth
    version: 0.1.0.0
    git: https://github.com/oscoin/avl-auth
    pantry-tree:
      size: 715
      sha256: e73f4c41e673436251aed0097840b39279616c88adb4135c0ef954220a943ca6
    commit: dfc468845a82cdd7d759943b20853999bc026505
  original:
    git: https://github.com/oscoin/avl-auth
    commit: dfc468845a82cdd7d759943b20853999bc026505
snapshots:
- completed:
    size: 524786
    url: https://raw.githubusercontent.com/commercialhaskell/stackage-snapshots/master/lts/14/11.yaml
    sha256: 088bb91b545839510a41ae92fa5feb36779ef3529571a42bd12b9f51eb89ded3
  original: lts-14.11
