# This file was autogenerated by Stack.
# You should not edit this file by hand.
# For more information, please see the documentation at:
#   https://docs.haskellstack.org/en/stable/lock_files

packages:
- completed:
    hackage: compact-0.2.0.0@sha256:9c5785bdc178ea6cf8f514ad35a78c64220e3cdb22216534e4cf496765551c7e,2345
    pantry-tree:
      size: 546
      sha256: 6f7da573fbcddc109e1521edc07f1b34d7506473a3930074453e829daf901d71
  original:
    hackage: compact-0.2.0.0@sha256:9c5785bdc178ea6cf8f514ad35a78c64220e3cdb22216534e4cf496765551c7e,2345
- completed:
    hackage: faker-0.0.0.2@sha256:e181a9dba8022098d2cca9822b6a616a28d3013ee978076b7c7cd18b6e15c8eb,980
    pantry-tree:
      size: 792
      sha256: d1fd5fcf4175f259b84f9036ab8d53d23457eb1ab9eab163dce83e8a8d7fca65
  original:
    hackage: faker-0.0.0.2@sha256:e181a9dba8022098d2cca9822b6a616a28d3013ee978076b7c7cd18b6e15c8eb,980
- completed:
    hackage: ghc-tcplugins-extra-0.3.2@sha256:1bbfd4449c3669a31618ea0ebc5d00d980a53988daad3b6218bab5c8cdff268d,1687
    pantry-tree:
      size: 331
      sha256: 4b16989344380c912e476dc232cc58264837b498e31a8bf16a17092ba6c1cfb9
  original:
    hackage: ghc-tcplugins-extra-0.3.2@sha256:1bbfd4449c3669a31618ea0ebc5d00d980a53988daad3b6218bab5c8cdff268d,1687
- completed:
    hackage: gimlh-0.1.3.0@sha256:0cb3513ec36b7f935956b68875de40a05e934cf75499918e1db533b7d32dfc46,747
    pantry-tree:
      size: 201
      sha256: 106e63ee076f0339ae5e15c599f5eb15d1e663f1f2303417000f26c9514f24c6
  original:
    hackage: gimlh-0.1.3.0@sha256:0cb3513ec36b7f935956b68875de40a05e934cf75499918e1db533b7d32dfc46,747
- completed:
    hackage: http2-1.6.5@sha256:f1743ba4a267f525106c218894e4bd2acf28fa047a9ba660b4a317a97382a877,13999
    pantry-tree:
      size: 43676
      sha256: 7c5c74e748187ae08baafab4af661147dcc128f1464305de68a06c3f0949cb91
  original:
    hackage: http2-1.6.5
- completed:
    hackage: http2-client-0.9.0.0@sha256:b8885c89adcc8b9d4ebb9abf6ae0ac6336e3fdf947a2b1f2b95c4e2c8c4acf01,2685
    pantry-tree:
      size: 853
      sha256: d7a1be66eb14e84cfedd87e8363e406abb244bb74b742e8f0141efce27545008
  original:
    hackage: http2-client-0.9.0.0@sha256:b8885c89adcc8b9d4ebb9abf6ae0ac6336e3fdf947a2b1f2b95c4e2c8c4acf01,2685
- completed:
    hackage: http-client-0.5.14@sha256:4880b27d6741e331454a1d4c887d96ce3d7d625322c8433983a4b1cd08538577,5348
    pantry-tree:
      size: 2457
      sha256: 02bcffba9cad572fefb4640f5fc9be68e770b32ab73efcac649db20290994c6d
  original:
    hackage: http-client-0.5.14@sha256:4880b27d6741e331454a1d4c887d96ce3d7d625322c8433983a4b1cd08538577,5348
- completed:
    hackage: network-2.8.0.1@sha256:0f165dffa752d8cde30c2bde86f80609c4f1dc5eeb3182d593041f97839c5b3b,3011
    pantry-tree:
      size: 2488
      sha256: 2dbdda2225969dcd452d983a2ac7e52341e5fc1df76103342c9fac08fc686931
  original:
    hackage: network-2.8.0.1
- completed:
    hackage: parameterized-0.5.0.0@sha256:880717fbb958de1bac015f0a375ab6636f162a72483d987a11e305da6fac6c97,1969
    pantry-tree:
      size: 1019
      sha256: 843aed822e03279edf00a2595dfb22038b306f4f0acd6984bd108024c5102f90
  original:
    hackage: parameterized-0.5.0.0@sha256:880717fbb958de1bac015f0a375ab6636f162a72483d987a11e305da6fac6c97,1969
- completed:
    hackage: polysemy-1.3.0.0@sha256:bf1d559c7e26e8a0ed31fc45d84635e329a4a31bfd39e713a39adf639bcbd309,6141
    pantry-tree:
      size: 4309
      sha256: 770af8c91981ccb8fe388ba62897fdf4eb394df433ab10def66d6e111b6f09f7
  original:
    hackage: polysemy-1.3.0.0@sha256:bf1d559c7e26e8a0ed31fc45d84635e329a4a31bfd39e713a39adf639bcbd309,6141
- completed:
    hackage: polysemy-plugin-0.2.5.0@sha256:67e30be568a141b852aace1a60e180cb5060fbb2835365a81a3ea779536d6d35,2952
    pantry-tree:
      size: 1232
      sha256: 5c90dac2eba48b4e337b302347c233ecaedb63e333641e094e718a548ac86711
  original:
    hackage: polysemy-plugin-0.2.5.0@sha256:67e30be568a141b852aace1a60e180cb5060fbb2835365a81a3ea779536d6d35,2952
- completed:
    hackage: polysemy-zoo-0.7.0.0@sha256:e98ba9620128df8f8aea6adec5a0e324103324a2d2368930a2e214a2c334551b,3900
    pantry-tree:
      size: 3049
      sha256: 5cc724e74ed56436891e15ce23b82ce432f9e9f735c5111847988f8854009815
  original:
    hackage: polysemy-zoo-0.7.0.0@sha256:e98ba9620128df8f8aea6adec5a0e324103324a2d2368930a2e214a2c334551b,3900
- completed:
    hackage: prometheus-2.1.3@sha256:4fdf8602f7c74367cda182cf71dab108f78a86993b428bf96b61dd6c519b6f22,4296
    pantry-tree:
      size: 1559
      sha256: a8d0a0150abddf0d7b673fcb19ff2ef235d4005161826e1538ad802394c9fc0e
  original:
    hackage: prometheus-2.1.3@sha256:4fdf8602f7c74367cda182cf71dab108f78a86993b428bf96b61dd6c519b6f22,4296
- completed:
    hackage: random-strings-0.1.1.0@sha256:935a7a23dab45411960df77636a29b44ce42b89eeb15f2b1e809d771491fa677,2517
    pantry-tree:
      size: 663
      sha256: 5a382966fdd8d5220b5791f3bff6db00d2ea29235e2716dadd52461b8a8beb97
  original:
    hackage: random-strings-0.1.1.0@sha256:935a7a23dab45411960df77636a29b44ce42b89eeb15f2b1e809d771491fa677,2517
- completed:
    hackage: semigroups-0.18.5@sha256:41ef9f5f183f66c519c5cddcb3fbfdbc9b67a2b7bfae7d81f91de9ff7367d8c6,5828
    pantry-tree:
      size: 533
      sha256: 7fe152b45de8c6a929db10c68b0576e35f7054492c528e8aa10cb1af2fc80953
  original:
    hackage: semigroups-0.18.5@sha256:41ef9f5f183f66c519c5cddcb3fbfdbc9b67a2b7bfae7d81f91de9ff7367d8c6,5828
- completed:
    hackage: warp-3.2.28@sha256:b32fb8fed7ace4bd206fd897c388c00cdb915ec7e34ee61dc6397d518d9e651c,11186
    pantry-tree:
      size: 4227
      sha256: a08eab2f15d6be431d00cd31a8b87a7e5ce87f203aad06916f9af0c673ec8a7d
  original:
    hackage: warp-3.2.28
- completed:
    name: avl-auth
    version: 0.1.0.0
    git: https://github.com/oscoin/avl-auth
    pantry-tree:
      size: 715
      sha256: e73f4c41e673436251aed0097840b39279616c88adb4135c0ef954220a943ca6
    commit: dfc468845a82cdd7d759943b20853999bc026505
  original:
    git: https://github.com/oscoin/avl-auth
    commit: dfc468845a82cdd7d759943b20853999bc026505
- completed:
    name: proto3-suite
    version: 0.4.0.2
    git: https://github.com/awakesecurity/proto3-suite
    pantry-tree:
      size: 7180
      sha256: 5cfd7cb7c20e9ff29a113b66e35042eb955a507ddb33ef909e9a7e67ab70307b
    commit: 45950a3860cbcb3f3177e9725dbdf460d6da9d45
  original:
    git: https://github.com/awakesecurity/proto3-suite
    commit: 45950a3860cbcb3f3177e9725dbdf460d6da9d45
- completed:
    name: proto3-wire
    version: 1.2.0
    git: https://github.com/awakesecurity/proto3-wire
    pantry-tree:
      size: 1759
      sha256: 2d3e47cf4d109a5184c8a5919f12e692fc43197b3cd011aabe8e11dacb6f9946
    commit: 5df56fe1ad26a18b1dfbb2a5b8d35b4c1ad63f53
  original:
    git: https://github.com/awakesecurity/proto3-wire
    commit: 5df56fe1ad26a18b1dfbb2a5b8d35b4c1ad63f53
- completed:
    subdir: http2-client-grpc
    name: http2-client-grpc
    version: 0.8.0.0
    git: https://github.com/haskell-grpc-native/http2-grpc-haskell
    pantry-tree:
      size: 454
      sha256: 855861e918e44f12cd1f592758456fcafd2fe533587b3e047d6451389c0b09af
    commit: 496e92bc967eff02ac3698ba12ba2dfe38bc8b74
  original:
    subdir: http2-client-grpc
    git: https://github.com/haskell-grpc-native/http2-grpc-haskell
    commit: 496e92bc967eff02ac3698ba12ba2dfe38bc8b74
- completed:
    name: tintin
    version: 1.10.1
    git: https://github.com/lancelet/tintin
    pantry-tree:
      size: 2387
      sha256: ae9056d78d03e379b9164285f2cb10cdfc8f69980438af630564b08fc74b108e
    commit: 9493e752fdebff877292872d86de3a46c6e257bd
  original:
    git: https://github.com/lancelet/tintin
    commit: 9493e752fdebff877292872d86de3a46c6e257bd
- completed:
    hackage: inliterate-0.1.0@sha256:61b17ab3cef803512c264e27e463390b47af59d7d2b3a2a89bea2eac0cf84266,1853
    pantry-tree:
      size: 618
      sha256: 2cea999a63449b913f6186c3b8b276050e7a1a7195f5e94ac94fa4007da36558
  original:
    hackage: inliterate-0.1.0@sha256:61b17ab3cef803512c264e27e463390b47af59d7d2b3a2a89bea2eac0cf84266,1853
- completed:
    hackage: megaparsec-7.0.5@sha256:45e1f1348fab2783646fdb4d9e6097568981a740951c7356d36d794e2baba305,3902
    pantry-tree:
      size: 1428
      sha256: 1f8baf6e07326f8c8a2dd31de6b2860427f158b0892c52ba5fe9ffeb6cd3bf7f
  original:
    hackage: megaparsec-7.0.5@sha256:45e1f1348fab2783646fdb4d9e6097568981a740951c7356d36d794e2baba305,3902
- completed:
    hackage: cheapskate-0.1.1.2@sha256:b8ae3cbb826610ea45e6840b7fde0af2c2ea6690cb311edfe9683f61c0a50d96,3072
    pantry-tree:
      size: 866
      sha256: f3d8b45723bf9851163e50b900b5397e22dca07af70c2c6145a5aea34e3a0e49
  original:
    hackage: cheapskate-0.1.1.2@sha256:b8ae3cbb826610ea45e6840b7fde0af2c2ea6690cb311edfe9683f61c0a50d96,3072
- completed:
    hackage: require-0.4.8@sha256:7ff9ca53134bf2d7ee4f6be44b70dd8284388bbe4319fd34d33b0d8cabeed7c8,3623
    pantry-tree:
      size: 981
      sha256: 34e22e29b2817a66cedcbcf11683d60c1a80a279df9ae528df22eceb43671a38
  original:
    hackage: require-0.4.8@sha256:7ff9ca53134bf2d7ee4f6be44b70dd8284388bbe4319fd34d33b0d8cabeed7c8,3623
snapshots:
- completed:
    size: 493124
    url: https://raw.githubusercontent.com/commercialhaskell/stackage-snapshots/master/lts/15/10.yaml
    sha256: 48bc6d1d59224a5166265ef6cdda6a512f29ecc8ef7331826312b82377e89507
  original: lts-15.10
